
Microsoft Visual Studio Solution File, Format Version 12.00
# Visual Studio 15
VisualStudioVersion = 15.0.26124.0
MinimumVisualStudioVersion = 15.0.26124.0
Project("{FAE04EC0-301F-11D3-BF4B-00C04F79EFBC}") = "Text", "Text\Text.csproj", "{2AA5E4AD-1E4E-477B-9DA8-1173DBAF12BA}"
EndProject
Project("{FAE04EC0-301F-11D3-BF4B-00C04F79EFBC}") = "Text.Tests", "Text.Tests\Text.Tests.csproj", "{D6C7907D-A7E2-41BD-B1D1-6DDB7FF5216B}"
EndProject
Global
	GlobalSection(SolutionConfigurationPlatforms) = preSolution
		Debug|Any CPU = Debug|Any CPU
		Debug|x64 = Debug|x64
		Debug|x86 = Debug|x86
		Release|Any CPU = Release|Any CPU
		Release|x64 = Release|x64
		Release|x86 = Release|x86
	EndGlobalSection
	GlobalSection(SolutionProperties) = preSolution
		HideSolutionNode = FALSE
	EndGlobalSection
	GlobalSection(ProjectConfigurationPlatforms) = postSolution
		{2AA5E4AD-1E4E-477B-9DA8-1173DBAF12BA}.Debug|Any CPU.ActiveCfg = Debug|Any CPU
		{2AA5E4AD-1E4E-477B-9DA8-1173DBAF12BA}.Debug|Any CPU.Build.0 = Debug|Any CPU
		{2AA5E4AD-1E4E-477B-9DA8-1173DBAF12BA}.Debug|x64.ActiveCfg = Debug|Any CPU
		{2AA5E4AD-1E4E-477B-9DA8-1173DBAF12BA}.Debug|x64.Build.0 = Debug|Any CPU
		{2AA5E4AD-1E4E-477B-9DA8-1173DBAF12BA}.Debug|x86.ActiveCfg = Debug|Any CPU
		{2AA5E4AD-1E4E-477B-9DA8-1173DBAF12BA}.Debug|x86.Build.0 = Debug|Any CPU
		{2AA5E4AD-1E4E-477B-9DA8-1173DBAF12BA}.Release|Any CPU.ActiveCfg = Release|Any CPU
		{2AA5E4AD-1E4E-477B-9DA8-1173DBAF12BA}.Release|Any CPU.Build.0 = Release|Any CPU
		{2AA5E4AD-1E4E-477B-9DA8-1173DBAF12BA}.Release|x64.ActiveCfg = Release|Any CPU
		{2AA5E4AD-1E4E-477B-9DA8-1173DBAF12BA}.Release|x64.Build.0 = Release|Any CPU
		{2AA5E4AD-1E4E-477B-9DA8-1173DBAF12BA}.Release|x86.ActiveCfg = Release|Any CPU
		{2AA5E4AD-1E4E-477B-9DA8-1173DBAF12BA}.Release|x86.Build.0 = Release|Any CPU
		{D6C7907D-A7E2-41BD-B1D1-6DDB7FF5216B}.Debug|Any CPU.ActiveCfg = Debug|Any CPU
		{D6C7907D-A7E2-41BD-B1D1-6DDB7FF5216B}.Debug|Any CPU.Build.0 = Debug|Any CPU
		{D6C7907D-A7E2-41BD-B1D1-6DDB7FF5216B}.Debug|x64.ActiveCfg = Debug|Any CPU
		{D6C7907D-A7E2-41BD-B1D1-6DDB7FF5216B}.Debug|x64.Build.0 = Debug|Any CPU
		{D6C7907D-A7E2-41BD-B1D1-6DDB7FF5216B}.Debug|x86.ActiveCfg = Debug|Any CPU
		{D6C7907D-A7E2-41BD-B1D1-6DDB7FF5216B}.Debug|x86.Build.0 = Debug|Any CPU
		{D6C7907D-A7E2-41BD-B1D1-6DDB7FF5216B}.Release|Any CPU.ActiveCfg = Release|Any CPU
		{D6C7907D-A7E2-41BD-B1D1-6DDB7FF5216B}.Release|Any CPU.Build.0 = Release|Any CPU
		{D6C7907D-A7E2-41BD-B1D1-6DDB7FF5216B}.Release|x64.ActiveCfg = Release|Any CPU
		{D6C7907D-A7E2-41BD-B1D1-6DDB7FF5216B}.Release|x64.Build.0 = Release|Any CPU
		{D6C7907D-A7E2-41BD-B1D1-6DDB7FF5216B}.Release|x86.ActiveCfg = Release|Any CPU
		{D6C7907D-A7E2-41BD-B1D1-6DDB7FF5216B}.Release|x86.Build.0 = Release|Any CPU
	EndGlobalSection
EndGlobal
